
Microsoft Visual Studio Solution File, Format Version 12.00
# Visual Studio Version 17
VisualStudioVersion = 17.5.33530.505
MinimumVisualStudioVersion = 10.0.40219.1
Project("{FAE04EC0-301F-11D3-BF4B-00C04F79EFBC}") = "OnlineVote", "OnlineVote\OnlineVote.csproj", "{FD1BAAFC-1864-47EA-8B74-7FFE1BFD9417}"
EndProject
Global
	GlobalSection(SolutionConfigurationPlatforms) = preSolution
		Debug|Any CPU = Debug|Any CPU
		Release|Any CPU = Release|Any CPU
	EndGlobalSection
	GlobalSection(ProjectConfigurationPlatforms) = postSolution
		{FD1BAAFC-1864-47EA-8B74-7FFE1BFD9417}.Debug|Any CPU.ActiveCfg = Debug|Any CPU
		{FD1BAAFC-1864-47EA-8B74-7FFE1BFD9417}.Debug|Any CPU.Build.0 = Debug|Any CPU
		{FD1BAAFC-1864-47EA-8B74-7FFE1BFD9417}.Release|Any CPU.ActiveCfg = Release|Any CPU
		{FD1BAAFC-1864-47EA-8B74-7FFE1BFD9417}.Release|Any CPU.Build.0 = Release|Any CPU
	EndGlobalSection
	GlobalSection(SolutionProperties) = preSolution
		HideSolutionNode = FALSE
	EndGlobalSection
	GlobalSection(ExtensibilityGlobals) = postSolution
		SolutionGuid = {2D9BD535-D607-4424-9481-8BD9527305CF}
	EndGlobalSection
EndGlobal
